// !$*UTF8*$!
{
	archiveVersion = 1;
	classes = {
	};
	objectVersion = 48;
	objects = {

/* Begin PBXBuildFile section */
		8BFAFDEA2052ACC300865BA1 /* AppDelegate.swift in Sources */ = {isa = PBXBuildFile; fileRef = 8BFAFDE92052ACC300865BA1 /* AppDelegate.swift */; };
		8BFAFDEC2052ACC300865BA1 /* GameScene.sks in Resources */ = {isa = PBXBuildFile; fileRef = 8BFAFDEB2052ACC300865BA1 /* GameScene.sks */; };
		8BFAFDEE2052ACC300865BA1 /* Actions.sks in Resources */ = {isa = PBXBuildFile; fileRef = 8BFAFDED2052ACC300865BA1 /* Actions.sks */; };
		8BFAFDF02052ACC300865BA1 /* GameScene.swift in Sources */ = {isa = PBXBuildFile; fileRef = 8BFAFDEF2052ACC300865BA1 /* GameScene.swift */; };
		8BFAFDF22052ACC300865BA1 /* GameViewController.swift in Sources */ = {isa = PBXBuildFile; fileRef = 8BFAFDF12052ACC300865BA1 /* GameViewController.swift */; };
		8BFAFDF52052ACC300865BA1 /* Main.storyboard in Resources */ = {isa = PBXBuildFile; fileRef = 8BFAFDF32052ACC300865BA1 /* Main.storyboard */; };
		8BFAFDF72052ACC300865BA1 /* Assets.xcassets in Resources */ = {isa = PBXBuildFile; fileRef = 8BFAFDF62052ACC300865BA1 /* Assets.xcassets */; };
		8BFAFDFA2052ACC300865BA1 /* LaunchScreen.storyboard in Resources */ = {isa = PBXBuildFile; fileRef = 8BFAFDF82052ACC300865BA1 /* LaunchScreen.storyboard */; };
		8BFAFE062052AEDD00865BA1 /* bg.png in Resources */ = {isa = PBXBuildFile; fileRef = 8BFAFE012052AEDD00865BA1 /* bg.png */; };
		8BFAFE072052AEDD00865BA1 /* flappy2.png in Resources */ = {isa = PBXBuildFile; fileRef = 8BFAFE022052AEDD00865BA1 /* flappy2.png */; };
		8BFAFE082052AEDD00865BA1 /* pipe1.png in Resources */ = {isa = PBXBuildFile; fileRef = 8BFAFE032052AEDD00865BA1 /* pipe1.png */; };
		8BFAFE092052AEDD00865BA1 /* pipe2.png in Resources */ = {isa = PBXBuildFile; fileRef = 8BFAFE042052AEDD00865BA1 /* pipe2.png */; };
		8BFAFE0A2052AEDD00865BA1 /* flappy1.png in Resources */ = {isa = PBXBuildFile; fileRef = 8BFAFE052052AEDD00865BA1 /* flappy1.png */; };
/* End PBXBuildFile section */

/* Begin PBXFileReference section */
		8BFAFDE62052ACC300865BA1 /* flippy Bird.app */ = {isa = PBXFileReference; explicitFileType = wrapper.application; includeInIndex = 0; path = "flippy Bird.app"; sourceTree = BUILT_PRODUCTS_DIR; };
		8BFAFDE92052ACC300865BA1 /* AppDelegate.swift */ = {isa = PBXFileReference; lastKnownFileType = sourcecode.swift; path = AppDelegate.swift; sourceTree = "<group>"; };
		8BFAFDEB2052ACC300865BA1 /* GameScene.sks */ = {isa = PBXFileReference; lastKnownFileType = file.sks; path = GameScene.sks; sourceTree = "<group>"; };
		8BFAFDED2052ACC300865BA1 /* Actions.sks */ = {isa = PBXFileReference; lastKnownFileType = file.sks; path = Actions.sks; sourceTree = "<group>"; };
		8BFAFDEF2052ACC300865BA1 /* GameScene.swift */ = {isa = PBXFileReference; lastKnownFileType = sourcecode.swift; path = GameScene.swift; sourceTree = "<group>"; };
		8BFAFDF12052ACC300865BA1 /* GameViewController.swift */ = {isa = PBXFileReference; lastKnownFileType = sourcecode.swift; path = GameViewController.swift; sourceTree = "<group>"; };
		8BFAFDF42052ACC300865BA1 /* Base */ = {isa = PBXFileReference; lastKnownFileType = file.storyboard; name = Base; path = Base.lproj/Main.storyboard; sourceTree = "<group>"; };
		8BFAFDF62052ACC300865BA1 /* Assets.xcassets */ = {isa = PBXFileReference; lastKnownFileType = folder.assetcatalog; path = Assets.xcassets; sourceTree = "<group>"; };
		8BFAFDF92052ACC300865BA1 /* Base */ = {isa = PBXFileReference; lastKnownFileType = file.storyboard; name = Base; path = Base.lproj/LaunchScreen.storyboard; sourceTree = "<group>"; };
		8BFAFDFB2052ACC300865BA1 /* Info.plist */ = {isa = PBXFileReference; lastKnownFileType = text.plist.xml; path = Info.plist; sourceTree = "<group>"; };
		8BFAFE012052AEDD00865BA1 /* bg.png */ = {isa = PBXFileReference; lastKnownFileType = image.png; path = bg.png; sourceTree = "<group>"; };
		8BFAFE022052AEDD00865BA1 /* flappy2.png */ = {isa = PBXFileReference; lastKnownFileType = image.png; path = flappy2.png; sourceTree = "<group>"; };
		8BFAFE032052AEDD00865BA1 /* pipe1.png */ = {isa = PBXFileReference; lastKnownFileType = image.png; path = pipe1.png; sourceTree = "<group>"; };
		8BFAFE042052AEDD00865BA1 /* pipe2.png */ = {isa = PBXFileReference; lastKnownFileType = image.png; path = pipe2.png; sourceTree = "<group>"; };
		8BFAFE052052AEDD00865BA1 /* flappy1.png */ = {isa = PBXFileReference; lastKnownFileType = image.png; path = flappy1.png; sourceTree = "<group>"; };
/* End PBXFileReference section */

/* Begin PBXFrameworksBuildPhase section */
		8BFAFDE32052ACC300865BA1 /* Frameworks */ = {
			isa = PBXFrameworksBuildPhase;
			buildActionMask = 2147483647;
			files = (
			);
			runOnlyForDeploymentPostprocessing = 0;
		};
/* End PBXFrameworksBuildPhase section */

/* Begin PBXGroup section */
		8BFAFDDD2052ACC300865BA1 = {
			isa = PBXGroup;
			children = (
				8BFAFDE82052ACC300865BA1 /* flippy Bird */,
				8BFAFDE72052ACC300865BA1 /* Products */,
			);
			sourceTree = "<group>";
		};
		8BFAFDE72052ACC300865BA1 /* Products */ = {
			isa = PBXGroup;
			children = (
				8BFAFDE62052ACC300865BA1 /* flippy Bird.app */,
			);
			name = Products;
			sourceTree = "<group>";
		};
		8BFAFDE82052ACC300865BA1 /* flippy Bird */ = {
			isa = PBXGroup;
			children = (
				8BFAFDE92052ACC300865BA1 /* AppDelegate.swift */,
				8BFAFDEB2052ACC300865BA1 /* GameScene.sks */,
				8BFAFDED2052ACC300865BA1 /* Actions.sks */,
				8BFAFDEF2052ACC300865BA1 /* GameScene.swift */,
				8BFAFDF12052ACC300865BA1 /* GameViewController.swift */,
				8BFAFE012052AEDD00865BA1 /* bg.png */,
				8BFAFE052052AEDD00865BA1 /* flappy1.png */,
				8BFAFE022052AEDD00865BA1 /* flappy2.png */,
				8BFAFE032052AEDD00865BA1 /* pipe1.png */,
				8BFAFE042052AEDD00865BA1 /* pipe2.png */,
				8BFAFDF32052ACC300865BA1 /* Main.storyboard */,
				8BFAFDF62052ACC300865BA1 /* Assets.xcassets */,
				8BFAFDF82052ACC300865BA1 /* LaunchScreen.storyboard */,
				8BFAFDFB2052ACC300865BA1 /* Info.plist */,
			);
			path = "flippy Bird";
			sourceTree = "<group>";
		};
/* End PBXGroup section */

/* Begin PBXNativeTarget section */
		8BFAFDE52052ACC300865BA1 /* flippy Bird */ = {
			isa = PBXNativeTarget;
			buildConfigurationList = 8BFAFDFE2052ACC300865BA1 /* Build configuration list for PBXNativeTarget "flippy Bird" */;
			buildPhases = (
				8BFAFDE22052ACC300865BA1 /* Sources */,
				8BFAFDE32052ACC300865BA1 /* Frameworks */,
				8BFAFDE42052ACC300865BA1 /* Resources */,
			);
			buildRules = (
			);
			dependencies = (
			);
			name = "flippy Bird";
			productName = "flippy Bird";
			productReference = 8BFAFDE62052ACC300865BA1 /* flippy Bird.app */;
			productType = "com.apple.product-type.application";
		};
/* End PBXNativeTarget section */

/* Begin PBXProject section */
		8BFAFDDE2052ACC300865BA1 /* Project object */ = {
			isa = PBXProject;
			attributes = {
				LastSwiftUpdateCheck = 0910;
				LastUpgradeCheck = 0910;
				ORGANIZATIONNAME = "code schoole";
				TargetAttributes = {
					8BFAFDE52052ACC300865BA1 = {
						CreatedOnToolsVersion = 9.1;
						ProvisioningStyle = Automatic;
					};
				};
			};
			buildConfigurationList = 8BFAFDE12052ACC300865BA1 /* Build configuration list for PBXProject "flippy Bird" */;
			compatibilityVersion = "Xcode 8.0";
			developmentRegion = en;
			hasScannedForEncodings = 0;
			knownRegions = (
				en,
				Base,
			);
			mainGroup = 8BFAFDDD2052ACC300865BA1;
			productRefGroup = 8BFAFDE72052ACC300865BA1 /* Products */;
			projectDirPath = "";
			projectRoot = "";
			targets = (
				8BFAFDE52052ACC300865BA1 /* flippy Bird */,
			);
		};
/* End PBXProject section */

/* Begin PBXResourcesBuildPhase section */
		8BFAFDE42052ACC300865BA1 /* Resources */ = {
			isa = PBXResourcesBuildPhase;
			buildActionMask = 2147483647;
			files = (
				8BFAFE072052AEDD00865BA1 /* flappy2.png in Resources */,
				8BFAFE0A2052AEDD00865BA1 /* flappy1.png in Resources */,
				8BFAFDF52052ACC300865BA1 /* Main.storyboard in Resources */,
				8BFAFDEC2052ACC300865BA1 /* GameScene.sks in Resources */,
				8BFAFE082052AEDD00865BA1 /* pipe1.png in Resources */,
				8BFAFE062052AEDD00865BA1 /* bg.png in Resources */,
				8BFAFE092052AEDD00865BA1 /* pipe2.png in Resources */,
				8BFAFDF72052ACC300865BA1 /* Assets.xcassets in Resources */,
				8BFAFDFA2052ACC300865BA1 /* LaunchScreen.storyboard in Resources */,
				8BFAFDEE2052ACC300865BA1 /* Actions.sks in Resources */,
			);
			runOnlyForDeploymentPostprocessing = 0;
		};
/* End PBXResourcesBuildPhase section */

/* Begin PBXSourcesBuildPhase section */
		8BFAFDE22052ACC300865BA1 /* Sources */ = {
			isa = PBXSourcesBuildPhase;
			buildActionMask = 2147483647;
			files = (
				8BFAFDF02052ACC300865BA1 /* GameScene.swift in Sources */,
				8BFAFDF22052ACC300865BA1 /* GameViewController.swift in Sources */,
				8BFAFDEA2052ACC300865BA1 /* AppDelegate.swift in Sources */,
			);
			runOnlyForDeploymentPostprocessing = 0;
		};
/* End PBXSourcesBuildPhase section */

/* Begin PBXVariantGroup section */
		8BFAFDF32052ACC300865BA1 /* Main.storyboard */ = {
			isa = PBXVariantGroup;
			children = (
				8BFAFDF42052ACC300865BA1 /* Base */,
			);
			name = Main.storyboard;
			sourceTree = "<group>";
		};
		8BFAFDF82052ACC300865BA1 /* LaunchScreen.storyboard */ = {
			isa = PBXVariantGroup;
			children = (
				8BFAFDF92052ACC300865BA1 /* Base */,
			);
			name = LaunchScreen.storyboard;
			sourceTree = "<group>";
		};
/* End PBXVariantGroup section */

/* Begin XCBuildConfiguration section */
		8BFAFDFC2052ACC300865BA1 /* Debug */ = {
			isa = XCBuildConfiguration;
			buildSettings = {
				ALWAYS_SEARCH_USER_PATHS = NO;
				CLANG_ANALYZER_NONNULL = YES;
				CLANG_ANALYZER_NUMBER_OBJECT_CONVERSION = YES_AGGRESSIVE;
				CLANG_CXX_LANGUAGE_STANDARD = "gnu++14";
				CLANG_CXX_LIBRARY = "libc++";
				CLANG_ENABLE_MODULES = YES;
				CLANG_ENABLE_OBJC_ARC = YES;
				CLANG_WARN_BLOCK_CAPTURE_AUTORELEASING = YES;
				CLANG_WARN_BOOL_CONVERSION = YES;
				CLANG_WARN_COMMA = YES;
				CLANG_WARN_CONSTANT_CONVERSION = YES;
				CLANG_WARN_DIRECT_OBJC_ISA_USAGE = YES_ERROR;
				CLANG_WARN_DOCUMENTATION_COMMENTS = YES;
				CLANG_WARN_EMPTY_BODY = YES;
				CLANG_WARN_ENUM_CONVERSION = YES;
				CLANG_WARN_INFINITE_RECURSION = YES;
				CLANG_WARN_INT_CONVERSION = YES;
				CLANG_WARN_NON_LITERAL_NULL_CONVERSION = YES;
				CLANG_WARN_OBJC_LITERAL_CONVERSION = YES;
				CLANG_WARN_OBJC_ROOT_CLASS = YES_ERROR;
				CLANG_WARN_RANGE_LOOP_ANALYSIS = YES;
				CLANG_WARN_STRICT_PROTOTYPES = YES;
				CLANG_WARN_SUSPICIOUS_MOVE = YES;
				CLANG_WARN_UNGUARDED_AVAILABILITY = YES_AGGRESSIVE;
				CLANG_WARN_UNREACHABLE_CODE = YES;
				CLANG_WARN__DUPLICATE_METHOD_MATCH = YES;
				CODE_SIGN_IDENTITY = "iPhone Developer";
				COPY_PHASE_STRIP = NO;
				DEBUG_INFORMATION_FORMAT = dwarf;
				ENABLE_STRICT_OBJC_MSGSEND = YES;
				ENABLE_TESTABILITY = YES;
				GCC_C_LANGUAGE_STANDARD = gnu11;
				GCC_DYNAMIC_NO_PIC = NO;
				GCC_NO_COMMON_BLOCKS = YES;
				GCC_OPTIMIZATION_LEVEL = 0;
				GCC_PREPROCESSOR_DEFINITIONS = (
					"DEBUG=1",
					"$(inherited)",
				);
				GCC_WARN_64_TO_32_BIT_CONVERSION = YES;
				GCC_WARN_ABOUT_RETURN_TYPE = YES_ERROR;
				GCC_WARN_UNDECLARED_SELECTOR = YES;
				GCC_WARN_UNINITIALIZED_AUTOS = YES_AGGRESSIVE;
				GCC_WARN_UNUSED_FUNCTION = YES;
				GCC_WARN_UNUSED_VARIABLE = YES;
				IPHONEOS_DEPLOYMENT_TARGET = 11.1;
				MTL_ENABLE_DEBUG_INFO = YES;
				ONLY_ACTIVE_ARCH = YES;
				SDKROOT = iphoneos;
				SWIFT_ACTIVE_COMPILATION_CONDITIONS = DEBUG;
				SWIFT_OPTIMIZATION_LEVEL = "-Onone";
			};
			name = Debug;
		};
		8BFAFDFD2052ACC300865BA1 /* Release */ = {
			isa = XCBuildConfiguration;
			buildSettings = {
				ALWAYS_SEARCH_USER_PATHS = NO;
				CLANG_ANALYZER_NONNULL = YES;
				CLANG_ANALYZER_NUMBER_OBJECT_CONVERSION = YES_AGGRESSIVE;
				CLANG_CXX_LANGUAGE_STANDARD = "gnu++14";
				CLANG_CXX_LIBRARY = "libc++";
				CLANG_ENABLE_MODULES = YES;
				CLANG_ENABLE_OBJC_ARC = YES;
				CLANG_WARN_BLOCK_CAPTURE_AUTORELEASING = YES;
				CLANG_WARN_BOOL_CONVERSION = YES;
				CLANG_WARN_COMMA = YES;
				CLANG_WARN_CONSTANT_CONVERSION = YES;
				CLANG_WARN_DIRECT_OBJC_ISA_USAGE = YES_ERROR;
				CLANG_WARN_DOCUMENTATION_COMMENTS = YES;
				CLANG_WARN_EMPTY_BODY = YES;
				CLANG_WARN_ENUM_CONVERSION = YES;
				CLANG_WARN_INFINITE_RECURSION = YES;
				CLANG_WARN_INT_CONVERSION = YES;
				CLANG_WARN_NON_LITERAL_NULL_CONVERSION = YES;
				CLANG_WARN_OBJC_LITERAL_CONVERSION = YES;
				CLANG_WARN_OBJC_ROOT_CLASS = YES_ERROR;
				CLANG_WARN_RANGE_LOOP_ANALYSIS = YES;
				CLANG_WARN_STRICT_PROTOTYPES = YES;
				CLANG_WARN_SUSPICIOUS_MOVE = YES;
				CLANG_WARN_UNGUARDED_AVAILABILITY = YES_AGGRESSIVE;
				CLANG_WARN_UNREACHABLE_CODE = YES;
				CLANG_WARN__DUPLICATE_METHOD_MATCH = YES;
				CODE_SIGN_IDENTITY = "iPhone Developer";
				COPY_PHASE_STRIP = NO;
				DEBUG_INFORMATION_FORMAT = "dwarf-with-dsym";
				ENABLE_NS_ASSERTIONS = NO;
				ENABLE_STRICT_OBJC_MSGSEND = YES;
				GCC_C_LANGUAGE_STANDARD = gnu11;
				GCC_NO_COMMON_BLOCKS = YES;
				GCC_WARN_64_TO_32_BIT_CONVERSION = YES;
				GCC_WARN_ABOUT_RETURN_TYPE = YES_ERROR;
				GCC_WARN_UNDECLARED_SELECTOR = YES;
				GCC_WARN_UNINITIALIZED_AUTOS = YES_AGGRESSIVE;
				GCC_WARN_UNUSED_FUNCTION = YES;
				GCC_WARN_UNUSED_VARIABLE = YES;
				IPHONEOS_DEPLOYMENT_TARGET = 11.1;
				MTL_ENABLE_DEBUG_INFO = NO;
				SDKROOT = iphoneos;
				SWIFT_OPTIMIZATION_LEVEL = "-Owholemodule";
				VALIDATE_PRODUCT = YES;
			};
			name = Release;
		};
		8BFAFDFF2052ACC300865BA1 /* Debug */ = {
			isa = XCBuildConfiguration;
			buildSettings = {
				ASSETCATALOG_COMPILER_APPICON_NAME = AppIcon;
				CODE_SIGN_STYLE = Automatic;
				INFOPLIST_FILE = "flippy Bird/Info.plist";
				LD_RUNPATH_SEARCH_PATHS = "$(inherited) @executable_path/Frameworks";
				PRODUCT_BUNDLE_IDENTIFIER = "com.codeschool.flippy-Bird";
				PRODUCT_NAME = "$(TARGET_NAME)";
				SWIFT_VERSION = 4.0;
				TARGETED_DEVICE_FAMILY = "1,2";
			};
			name = Debug;
		};
		8BFAFE002052ACC300865BA1 /* Release */ = {
			isa = XCBuildConfiguration;
			buildSettings = {
				ASSETCATALOG_COMPILER_APPICON_NAME = AppIcon;
				CODE_SIGN_STYLE = Automatic;
				INFOPLIST_FILE = "flippy Bird/Info.plist";
				LD_RUNPATH_SEARCH_PATHS = "$(inherited) @executable_path/Frameworks";
				PRODUCT_BUNDLE_IDENTIFIER = "com.codeschool.flippy-Bird";
				PRODUCT_NAME = "$(TARGET_NAME)";
				SWIFT_VERSION = 4.0;
				TARGETED_DEVICE_FAMILY = "1,2";
			};
			name = Release;
		};
/* End XCBuildConfiguration section */

/* Begin XCConfigurationList section */
		8BFAFDE12052ACC300865BA1 /* Build configuration list for PBXProject "flippy Bird" */ = {
			isa = XCConfigurationList;
			buildConfigurations = (
				8BFAFDFC2052ACC300865BA1 /* Debug */,
				8BFAFDFD2052ACC300865BA1 /* Release */,
			);
			defaultConfigurationIsVisible = 0;
			defaultConfigurationName = Release;
		};
		8BFAFDFE2052ACC300865BA1 /* Build configuration list for PBXNativeTarget "flippy Bird" */ = {
			isa = XCConfigurationList;
			buildConfigurations = (
				8BFAFDFF2052ACC300865BA1 /* Debug */,
				8BFAFE002052ACC300865BA1 /* Release */,
			);
			defaultConfigurationIsVisible = 0;
			defaultConfigurationName = Release;
		};
/* End XCConfigurationList section */
	};
	rootObject = 8BFAFDDE2052ACC300865BA1 /* Project object */;
}
